
Microsoft Visual Studio Solution File, Format Version 12.00
# Visual Studio 15
VisualStudioVersion = 15.0.27130.2027
MinimumVisualStudioVersion = 10.0.40219.1
Project("{9A19103F-16F7-4668-BE54-9A1E7A4F7556}") = "Avro.Main", "src\apache\main\Avro.Main.csproj", "{C17F6AF2-F200-4421-855B-13F4E97E9716}"
EndProject
Project("{9A19103F-16F7-4668-BE54-9A1E7A4F7556}") = "Avro.CodeGen", "src\apache\codegen\Avro.CodeGen.csproj", "{D968A52A-E3E5-472F-A8EA-C15427521901}"
EndProject
Project("{9A19103F-16F7-4668-BE54-9A1E7A4F7556}") = "Avro.IPC", "src\apache\ipc\Avro.IPC.csproj", "{D4074E5D-38B1-4A67-877B-E8E6BF45CE09}"
EndProject
Project("{9A19103F-16F7-4668-BE54-9A1E7A4F7556}") = "Avro.MsBuild", "src\apache\msbuild\Avro.MsBuild.csproj", "{B6134269-6E02-43FF-BC0E-7FB43FBAA641}"
EndProject
Project("{FAE04EC0-301F-11D3-BF4B-00C04F79EFBC}") = "Avro.Test", "src\apache\test\Avro.Test.csproj", "{6C461AC0-8C0F-4538-9256-454F752DD821}"
EndProject
Project("{9A19103F-16F7-4668-BE54-9A1E7A4F7556}") = "Avro.Perf.dotnetcore", "src\apache\perf.dotnetcore\Avro.Perf.dotnetcore.csproj", "{C94DEBC9-5D6B-4C7F-AE35-057BB111CDA1}"
EndProject
Project("{FAE04EC0-301F-11D3-BF4B-00C04F79EFBC}") = "Avro.Perf.netfx", "src\apache\perf.netfx\Avro.Perf.netfx.csproj", "{0D707008-7466-4407-8A80-C26DECAB18DB}"
EndProject
Project("{9A19103F-16F7-4668-BE54-9A1E7A4F7556}") = "Avro.Test.dotnetcore", "src\apache\test.dotnetcore\Avro.Test.dotnetcore.csproj", "{35CC4865-174C-4398-B99B-626EE6DFEBEE}"
EndProject
Global
	GlobalSection(SolutionConfigurationPlatforms) = preSolution
		Debug|Any CPU = Debug|Any CPU
		Release|Any CPU = Release|Any CPU
	EndGlobalSection
	GlobalSection(ProjectConfigurationPlatforms) = postSolution
		{C17F6AF2-F200-4421-855B-13F4E97E9716}.Debug|Any CPU.ActiveCfg = Debug|Any CPU
		{C17F6AF2-F200-4421-855B-13F4E97E9716}.Debug|Any CPU.Build.0 = Debug|Any CPU
		{C17F6AF2-F200-4421-855B-13F4E97E9716}.Release|Any CPU.ActiveCfg = Release|Any CPU
		{C17F6AF2-F200-4421-855B-13F4E97E9716}.Release|Any CPU.Build.0 = Release|Any CPU
		{D968A52A-E3E5-472F-A8EA-C15427521901}.Debug|Any CPU.ActiveCfg = Debug|Any CPU
		{D968A52A-E3E5-472F-A8EA-C15427521901}.Debug|Any CPU.Build.0 = Debug|Any CPU
		{D968A52A-E3E5-472F-A8EA-C15427521901}.Release|Any CPU.ActiveCfg = Release|Any CPU
		{D968A52A-E3E5-472F-A8EA-C15427521901}.Release|Any CPU.Build.0 = Release|Any CPU
		{D4074E5D-38B1-4A67-877B-E8E6BF45CE09}.Debug|Any CPU.ActiveCfg = Debug|Any CPU
		{D4074E5D-38B1-4A67-877B-E8E6BF45CE09}.Debug|Any CPU.Build.0 = Debug|Any CPU
		{D4074E5D-38B1-4A67-877B-E8E6BF45CE09}.Release|Any CPU.ActiveCfg = Release|Any CPU
		{D4074E5D-38B1-4A67-877B-E8E6BF45CE09}.Release|Any CPU.Build.0 = Release|Any CPU
		{B6134269-6E02-43FF-BC0E-7FB43FBAA641}.Debug|Any CPU.ActiveCfg = Debug|Any CPU
		{B6134269-6E02-43FF-BC0E-7FB43FBAA641}.Debug|Any CPU.Build.0 = Debug|Any CPU
		{B6134269-6E02-43FF-BC0E-7FB43FBAA641}.Release|Any CPU.ActiveCfg = Release|Any CPU
		{B6134269-6E02-43FF-BC0E-7FB43FBAA641}.Release|Any CPU.Build.0 = Release|Any CPU
		{6C461AC0-8C0F-4538-9256-454F752DD821}.Debug|Any CPU.ActiveCfg = Debug|Any CPU
		{6C461AC0-8C0F-4538-9256-454F752DD821}.Debug|Any CPU.Build.0 = Debug|Any CPU
		{6C461AC0-8C0F-4538-9256-454F752DD821}.Release|Any CPU.ActiveCfg = Release|Any CPU
		{6C461AC0-8C0F-4538-9256-454F752DD821}.Release|Any CPU.Build.0 = Release|Any CPU
		{C94DEBC9-5D6B-4C7F-AE35-057BB111CDA1}.Debug|Any CPU.ActiveCfg = Debug|Any CPU
		{C94DEBC9-5D6B-4C7F-AE35-057BB111CDA1}.Debug|Any CPU.Build.0 = Debug|Any CPU
		{C94DEBC9-5D6B-4C7F-AE35-057BB111CDA1}.Release|Any CPU.ActiveCfg = Release|Any CPU
		{C94DEBC9-5D6B-4C7F-AE35-057BB111CDA1}.Release|Any CPU.Build.0 = Release|Any CPU
		{0D707008-7466-4407-8A80-C26DECAB18DB}.Debug|Any CPU.ActiveCfg = Debug|Any CPU
		{0D707008-7466-4407-8A80-C26DECAB18DB}.Debug|Any CPU.Build.0 = Debug|Any CPU
		{0D707008-7466-4407-8A80-C26DECAB18DB}.Release|Any CPU.ActiveCfg = Release|Any CPU
		{0D707008-7466-4407-8A80-C26DECAB18DB}.Release|Any CPU.Build.0 = Release|Any CPU
		{35CC4865-174C-4398-B99B-626EE6DFEBEE}.Debug|Any CPU.ActiveCfg = Debug|Any CPU
		{35CC4865-174C-4398-B99B-626EE6DFEBEE}.Debug|Any CPU.Build.0 = Debug|Any CPU
		{35CC4865-174C-4398-B99B-626EE6DFEBEE}.Release|Any CPU.ActiveCfg = Release|Any CPU
		{35CC4865-174C-4398-B99B-626EE6DFEBEE}.Release|Any CPU.Build.0 = Release|Any CPU
	EndGlobalSection
	GlobalSection(SolutionProperties) = preSolution
		HideSolutionNode = FALSE
	EndGlobalSection
	GlobalSection(ExtensibilityGlobals) = postSolution
		SolutionGuid = {D75C209E-BD5C-4A16-B905-5290EF91CC29}
	EndGlobalSection
EndGlobal
